
Microsoft Visual Studio Solution File, Format Version 11.00
# Visual Studio 2010
Project("{FAE04EC0-301F-11D3-BF4B-00C04F79EFBC}") = "Assembly-CSharp-firstpass", "Assembly-CSharp-firstpass.csproj", "{4FFD8065-ECC9-5261-8196-0DAE4C700CCE}"
EndProject
Project("{FAE04EC0-301F-11D3-BF4B-00C04F79EFBC}") = "Assembly-CSharp", "Assembly-CSharp.csproj", "{C8F21033-34DA-BF65-95FC-7E7C9A88C1B5}"
EndProject
Project("{FAE04EC0-301F-11D3-BF4B-00C04F79EFBC}") = "Assembly-CSharp-Editor-firstpass", "Assembly-CSharp-Editor-firstpass.csproj", "{AFF8BF40-364C-1189-3D91-47CB691BC4E0}"
EndProject
Project("{FAE04EC0-301F-11D3-BF4B-00C04F79EFBC}") = "Assembly-CSharp-Editor", "Assembly-CSharp-Editor.csproj", "{9E9AD385-1BFC-15D3-8480-17F59AE6ED77}"
EndProject
Global
	GlobalSection(SolutionConfigurationPlatforms) = preSolution
		Debug|Any CPU = Debug|Any CPU
		Release|Any CPU = Release|Any CPU
	EndGlobalSection
	GlobalSection(ProjectConfigurationPlatforms) = postSolution
		{4FFD8065-ECC9-5261-8196-0DAE4C700CCE}.Debug|Any CPU.ActiveCfg = Debug|Any CPU
		{4FFD8065-ECC9-5261-8196-0DAE4C700CCE}.Debug|Any CPU.Build.0 = Debug|Any CPU
		{4FFD8065-ECC9-5261-8196-0DAE4C700CCE}.Release|Any CPU.ActiveCfg = Release|Any CPU
		{4FFD8065-ECC9-5261-8196-0DAE4C700CCE}.Release|Any CPU.Build.0 = Release|Any CPU
		{C8F21033-34DA-BF65-95FC-7E7C9A88C1B5}.Debug|Any CPU.ActiveCfg = Debug|Any CPU
		{C8F21033-34DA-BF65-95FC-7E7C9A88C1B5}.Debug|Any CPU.Build.0 = Debug|Any CPU
		{C8F21033-34DA-BF65-95FC-7E7C9A88C1B5}.Release|Any CPU.ActiveCfg = Release|Any CPU
		{C8F21033-34DA-BF65-95FC-7E7C9A88C1B5}.Release|Any CPU.Build.0 = Release|Any CPU
		{AFF8BF40-364C-1189-3D91-47CB691BC4E0}.Debug|Any CPU.ActiveCfg = Debug|Any CPU
		{AFF8BF40-364C-1189-3D91-47CB691BC4E0}.Debug|Any CPU.Build.0 = Debug|Any CPU
		{AFF8BF40-364C-1189-3D91-47CB691BC4E0}.Release|Any CPU.ActiveCfg = Release|Any CPU
		{AFF8BF40-364C-1189-3D91-47CB691BC4E0}.Release|Any CPU.Build.0 = Release|Any CPU
		{9E9AD385-1BFC-15D3-8480-17F59AE6ED77}.Debug|Any CPU.ActiveCfg = Debug|Any CPU
		{9E9AD385-1BFC-15D3-8480-17F59AE6ED77}.Debug|Any CPU.Build.0 = Debug|Any CPU
		{9E9AD385-1BFC-15D3-8480-17F59AE6ED77}.Release|Any CPU.ActiveCfg = Release|Any CPU
		{9E9AD385-1BFC-15D3-8480-17F59AE6ED77}.Release|Any CPU.Build.0 = Release|Any CPU
	EndGlobalSection
	GlobalSection(SolutionProperties) = preSolution
		HideSolutionNode = FALSE
	EndGlobalSection
	GlobalSection(MonoDevelopProperties) = preSolution
		StartupItem = Assembly-CSharp.csproj
	EndGlobalSection
EndGlobal
